// !$*UTF8*$!
{
	archiveVersion = 1;
	classes = {
	};
	objectVersion = 56;
	objects = {

/* Begin PBXBuildFile section */
		9669AF052AFFF21800A54049 /* SwiftUITestApp.swift in Sources */ = {isa = PBXBuildFile; fileRef = 9669AF042AFFF21800A54049 /* SwiftUITestApp.swift */; };
		9669AF092AFFF21A00A54049 /* Assets.xcassets in Resources */ = {isa = PBXBuildFile; fileRef = 9669AF082AFFF21A00A54049 /* Assets.xcassets */; };
		9669AF0C2AFFF21A00A54049 /* Preview Assets.xcassets in Resources */ = {isa = PBXBuildFile; fileRef = 9669AF0B2AFFF21A00A54049 /* Preview Assets.xcassets */; };
		9669AF232AFFF2B100A54049 /* App1FirstViewModel.swift in Sources */ = {isa = PBXBuildFile; fileRef = 9669AF222AFFF2B100A54049 /* App1FirstViewModel.swift */; };
		9669AF252AFFF2BA00A54049 /* App1SecondViewModel.swift in Sources */ = {isa = PBXBuildFile; fileRef = 9669AF242AFFF2BA00A54049 /* App1SecondViewModel.swift */; };
		9669AF272AFFF2C500A54049 /* App1FirstPage.swift in Sources */ = {isa = PBXBuildFile; fileRef = 9669AF262AFFF2C500A54049 /* App1FirstPage.swift */; };
		9669AF292AFFF2CD00A54049 /* App1SecondPage.swift in Sources */ = {isa = PBXBuildFile; fileRef = 9669AF282AFFF2CD00A54049 /* App1SecondPage.swift */; };
		9669AF2C2AFFF2DF00A54049 /* printIfDebug.swift in Sources */ = {isa = PBXBuildFile; fileRef = 9669AF2B2AFFF2DF00A54049 /* printIfDebug.swift */; };
		9669AF362AFFF39C00A54049 /* App2FirstPage.swift in Sources */ = {isa = PBXBuildFile; fileRef = 9669AF352AFFF39C00A54049 /* App2FirstPage.swift */; };
		9669AF382AFFF3A400A54049 /* App2SecondPage.swift in Sources */ = {isa = PBXBuildFile; fileRef = 9669AF372AFFF3A400A54049 /* App2SecondPage.swift */; };
		9669AF3A2AFFF3B600A54049 /* App2FirstViewModel.swift in Sources */ = {isa = PBXBuildFile; fileRef = 9669AF392AFFF3B600A54049 /* App2FirstViewModel.swift */; };
		9669AF3C2AFFF3C100A54049 /* App2SecondViewModel.swift in Sources */ = {isa = PBXBuildFile; fileRef = 9669AF3B2AFFF3C100A54049 /* App2SecondViewModel.swift */; };
		9669AF402AFFF4BB00A54049 /* HomePage.swift in Sources */ = {isa = PBXBuildFile; fileRef = 9669AF3F2AFFF4BB00A54049 /* HomePage.swift */; };
		9669AF482AFFF54800A54049 /* HomeFooterComponent.swift in Sources */ = {isa = PBXBuildFile; fileRef = 9669AF472AFFF54800A54049 /* HomeFooterComponent.swift */; };
		9669AF4A2AFFF6F700A54049 /* HomeBodyComponent.swift in Sources */ = {isa = PBXBuildFile; fileRef = 9669AF492AFFF6F700A54049 /* HomeBodyComponent.swift */; };
		9669AF4D2AFFF7D300A54049 /* HomeViewModel.swift in Sources */ = {isa = PBXBuildFile; fileRef = 9669AF4C2AFFF7D300A54049 /* HomeViewModel.swift */; };
		9669AF512B0067B400A54049 /* NavigationLazyView.swift in Sources */ = {isa = PBXBuildFile; fileRef = 9669AF502B0067B400A54049 /* NavigationLazyView.swift */; };
		9669AF572B006FD100A54049 /* CounterComponent.swift in Sources */ = {isa = PBXBuildFile; fileRef = 9669AF562B006FD100A54049 /* CounterComponent.swift */; };
		9669AF5A2B00E32100A54049 /* NavigationViewModel.swift in Sources */ = {isa = PBXBuildFile; fileRef = 9669AF592B00E32100A54049 /* NavigationViewModel.swift */; };
/* End PBXBuildFile section */

/* Begin PBXFileReference section */
		9669AF012AFFF21800A54049 /* SwiftUIPureExample.app */ = {isa = PBXFileReference; explicitFileType = wrapper.application; includeInIndex = 0; path = SwiftUIPureExample.app; sourceTree = BUILT_PRODUCTS_DIR; };
		9669AF042AFFF21800A54049 /* SwiftUITestApp.swift */ = {isa = PBXFileReference; lastKnownFileType = sourcecode.swift; path = SwiftUITestApp.swift; sourceTree = "<group>"; };
		9669AF082AFFF21A00A54049 /* Assets.xcassets */ = {isa = PBXFileReference; lastKnownFileType = folder.assetcatalog; path = Assets.xcassets; sourceTree = "<group>"; };
		9669AF0B2AFFF21A00A54049 /* Preview Assets.xcassets */ = {isa = PBXFileReference; lastKnownFileType = folder.assetcatalog; path = "Preview Assets.xcassets"; sourceTree = "<group>"; };
		9669AF222AFFF2B100A54049 /* App1FirstViewModel.swift */ = {isa = PBXFileReference; lastKnownFileType = sourcecode.swift; path = App1FirstViewModel.swift; sourceTree = "<group>"; };
		9669AF242AFFF2BA00A54049 /* App1SecondViewModel.swift */ = {isa = PBXFileReference; lastKnownFileType = sourcecode.swift; path = App1SecondViewModel.swift; sourceTree = "<group>"; };
		9669AF262AFFF2C500A54049 /* App1FirstPage.swift */ = {isa = PBXFileReference; lastKnownFileType = sourcecode.swift; path = App1FirstPage.swift; sourceTree = "<group>"; };
		9669AF282AFFF2CD00A54049 /* App1SecondPage.swift */ = {isa = PBXFileReference; lastKnownFileType = sourcecode.swift; path = App1SecondPage.swift; sourceTree = "<group>"; };
		9669AF2B2AFFF2DF00A54049 /* printIfDebug.swift */ = {isa = PBXFileReference; lastKnownFileType = sourcecode.swift; path = printIfDebug.swift; sourceTree = "<group>"; };
		9669AF352AFFF39C00A54049 /* App2FirstPage.swift */ = {isa = PBXFileReference; lastKnownFileType = sourcecode.swift; path = App2FirstPage.swift; sourceTree = "<group>"; };
		9669AF372AFFF3A400A54049 /* App2SecondPage.swift */ = {isa = PBXFileReference; lastKnownFileType = sourcecode.swift; path = App2SecondPage.swift; sourceTree = "<group>"; };
		9669AF392AFFF3B600A54049 /* App2FirstViewModel.swift */ = {isa = PBXFileReference; lastKnownFileType = sourcecode.swift; path = App2FirstViewModel.swift; sourceTree = "<group>"; };
		9669AF3B2AFFF3C100A54049 /* App2SecondViewModel.swift */ = {isa = PBXFileReference; lastKnownFileType = sourcecode.swift; path = App2SecondViewModel.swift; sourceTree = "<group>"; };
		9669AF3F2AFFF4BB00A54049 /* HomePage.swift */ = {isa = PBXFileReference; lastKnownFileType = sourcecode.swift; path = HomePage.swift; sourceTree = "<group>"; };
		9669AF472AFFF54800A54049 /* HomeFooterComponent.swift */ = {isa = PBXFileReference; lastKnownFileType = sourcecode.swift; path = HomeFooterComponent.swift; sourceTree = "<group>"; };
		9669AF492AFFF6F700A54049 /* HomeBodyComponent.swift */ = {isa = PBXFileReference; lastKnownFileType = sourcecode.swift; path = HomeBodyComponent.swift; sourceTree = "<group>"; };
		9669AF4C2AFFF7D300A54049 /* HomeViewModel.swift */ = {isa = PBXFileReference; lastKnownFileType = sourcecode.swift; path = HomeViewModel.swift; sourceTree = "<group>"; };
		9669AF502B0067B400A54049 /* NavigationLazyView.swift */ = {isa = PBXFileReference; lastKnownFileType = sourcecode.swift; path = NavigationLazyView.swift; sourceTree = "<group>"; };
		9669AF562B006FD100A54049 /* CounterComponent.swift */ = {isa = PBXFileReference; lastKnownFileType = sourcecode.swift; path = CounterComponent.swift; sourceTree = "<group>"; };
		9669AF582B00749F00A54049 /* README.md */ = {isa = PBXFileReference; lastKnownFileType = net.daringfireball.markdown; path = README.md; sourceTree = "<group>"; };
		9669AF592B00E32100A54049 /* NavigationViewModel.swift */ = {isa = PBXFileReference; lastKnownFileType = sourcecode.swift; path = NavigationViewModel.swift; sourceTree = "<group>"; };
/* End PBXFileReference section */

/* Begin PBXFrameworksBuildPhase section */
		9669AEFE2AFFF21800A54049 /* Frameworks */ = {
			isa = PBXFrameworksBuildPhase;
			buildActionMask = 2147483647;
			files = (
			);
			runOnlyForDeploymentPostprocessing = 0;
		};
/* End PBXFrameworksBuildPhase section */

/* Begin PBXGroup section */
		9669AEF82AFFF21800A54049 = {
			isa = PBXGroup;
			children = (
				9669AF582B00749F00A54049 /* README.md */,
				9669AF032AFFF21800A54049 /* SwiftUIPureExample */,
				9669AF022AFFF21800A54049 /* Products */,
			);
			sourceTree = "<group>";
		};
		9669AF022AFFF21800A54049 /* Products */ = {
			isa = PBXGroup;
			children = (
				9669AF012AFFF21800A54049 /* SwiftUIPureExample.app */,
			);
			name = Products;
			sourceTree = "<group>";
		};
		9669AF032AFFF21800A54049 /* SwiftUIPureExample */ = {
			isa = PBXGroup;
			children = (
				9669AF132AFFF23100A54049 /* src */,
				9669AF0A2AFFF21A00A54049 /* Preview Content */,
			);
			path = SwiftUIPureExample;
			sourceTree = "<group>";
		};
		9669AF0A2AFFF21A00A54049 /* Preview Content */ = {
			isa = PBXGroup;
			children = (
				9669AF0B2AFFF21A00A54049 /* Preview Assets.xcassets */,
			);
			path = "Preview Content";
			sourceTree = "<group>";
		};
		9669AF132AFFF23100A54049 /* src */ = {
			isa = PBXGroup;
			children = (
				9669AF342AFFF38900A54049 /* assets */,
				9669AF142AFFF23B00A54049 /* app */,
			);
			path = src;
			sourceTree = "<group>";
		};
		9669AF142AFFF23B00A54049 /* app */ = {
			isa = PBXGroup;
			children = (
				9669AF592B00E32100A54049 /* NavigationViewModel.swift */,
				9669AF042AFFF21800A54049 /* SwiftUITestApp.swift */,
				9669AF4F2B0067A900A54049 /* Core */,
				9669AF2A2AFFF2D600A54049 /* Utils */,
				9669AF152AFFF24400A54049 /* Features */,
			);
			path = app;
			sourceTree = "<group>";
		};
		9669AF152AFFF24400A54049 /* Features */ = {
			isa = PBXGroup;
			children = (
				9669AF412AFFF4F800A54049 /* home */,
				9669AF522B006FB600A54049 /* counter */,
				9669AF162AFFF24E00A54049 /* app1 */,
				9669AF172AFFF25400A54049 /* app2 */,
			);
			path = Features;
			sourceTree = "<group>";
		};
		9669AF162AFFF24E00A54049 /* app1 */ = {
			isa = PBXGroup;
			children = (
				9669AF182AFFF26900A54049 /* Presentation */,
			);
			path = app1;
			sourceTree = "<group>";
		};
		9669AF172AFFF25400A54049 /* app2 */ = {
			isa = PBXGroup;
			children = (
				9669AF2F2AFFF36E00A54049 /* ViewModels */,
				9669AF2E2AFFF36900A54049 /* Pages */,
			);
			path = app2;
			sourceTree = "<group>";
		};
		9669AF182AFFF26900A54049 /* Presentation */ = {
			isa = PBXGroup;
			children = (
				9669AF1F2AFFF29500A54049 /* ViewModels */,
				9669AF192AFFF27000A54049 /* Pages */,
			);
			path = Presentation;
			sourceTree = "<group>";
		};
		9669AF192AFFF27000A54049 /* Pages */ = {
			isa = PBXGroup;
			children = (
				9669AF262AFFF2C500A54049 /* App1FirstPage.swift */,
				9669AF282AFFF2CD00A54049 /* App1SecondPage.swift */,
			);
			path = Pages;
			sourceTree = "<group>";
		};
		9669AF1F2AFFF29500A54049 /* ViewModels */ = {
			isa = PBXGroup;
			children = (
				9669AF222AFFF2B100A54049 /* App1FirstViewModel.swift */,
				9669AF242AFFF2BA00A54049 /* App1SecondViewModel.swift */,
			);
			path = ViewModels;
			sourceTree = "<group>";
		};
		9669AF2A2AFFF2D600A54049 /* Utils */ = {
			isa = PBXGroup;
			children = (
				9669AF2B2AFFF2DF00A54049 /* printIfDebug.swift */,
			);
			path = Utils;
			sourceTree = "<group>";
		};
		9669AF2E2AFFF36900A54049 /* Pages */ = {
			isa = PBXGroup;
			children = (
				9669AF352AFFF39C00A54049 /* App2FirstPage.swift */,
				9669AF372AFFF3A400A54049 /* App2SecondPage.swift */,
			);
			path = Pages;
			sourceTree = "<group>";
		};
		9669AF2F2AFFF36E00A54049 /* ViewModels */ = {
			isa = PBXGroup;
			children = (
				9669AF392AFFF3B600A54049 /* App2FirstViewModel.swift */,
				9669AF3B2AFFF3C100A54049 /* App2SecondViewModel.swift */,
			);
			path = ViewModels;
			sourceTree = "<group>";
		};
		9669AF342AFFF38900A54049 /* assets */ = {
			isa = PBXGroup;
			children = (
				9669AF082AFFF21A00A54049 /* Assets.xcassets */,
			);
			path = assets;
			sourceTree = "<group>";
		};
		9669AF412AFFF4F800A54049 /* home */ = {
			isa = PBXGroup;
			children = (
				9669AF422AFFF4FC00A54049 /* Presentation */,
			);
			path = home;
			sourceTree = "<group>";
		};
		9669AF422AFFF4FC00A54049 /* Presentation */ = {
			isa = PBXGroup;
			children = (
				9669AF4B2AFFF7C600A54049 /* ViewModels */,
				9669AF432AFFF50300A54049 /* Pages */,
				9669AF442AFFF50A00A54049 /* Components */,
			);
			path = Presentation;
			sourceTree = "<group>";
		};
		9669AF432AFFF50300A54049 /* Pages */ = {
			isa = PBXGroup;
			children = (
				9669AF3F2AFFF4BB00A54049 /* HomePage.swift */,
			);
			path = Pages;
			sourceTree = "<group>";
		};
		9669AF442AFFF50A00A54049 /* Components */ = {
			isa = PBXGroup;
			children = (
				9669AF492AFFF6F700A54049 /* HomeBodyComponent.swift */,
				9669AF472AFFF54800A54049 /* HomeFooterComponent.swift */,
			);
			path = Components;
			sourceTree = "<group>";
		};
		9669AF4B2AFFF7C600A54049 /* ViewModels */ = {
			isa = PBXGroup;
			children = (
				9669AF4C2AFFF7D300A54049 /* HomeViewModel.swift */,
			);
			path = ViewModels;
			sourceTree = "<group>";
		};
		9669AF4F2B0067A900A54049 /* Core */ = {
			isa = PBXGroup;
			children = (
				9669AF502B0067B400A54049 /* NavigationLazyView.swift */,
			);
			path = Core;
			sourceTree = "<group>";
		};
		9669AF522B006FB600A54049 /* counter */ = {
			isa = PBXGroup;
			children = (
				9669AF532B006FBA00A54049 /* Presentation */,
			);
			path = counter;
			sourceTree = "<group>";
		};
		9669AF532B006FBA00A54049 /* Presentation */ = {
			isa = PBXGroup;
			children = (
				9669AF552B006FC400A54049 /* Components */,
			);
			path = Presentation;
			sourceTree = "<group>";
		};
		9669AF552B006FC400A54049 /* Components */ = {
			isa = PBXGroup;
			children = (
				9669AF562B006FD100A54049 /* CounterComponent.swift */,
			);
			path = Components;
			sourceTree = "<group>";
		};
/* End PBXGroup section */

/* Begin PBXNativeTarget section */
		9669AF002AFFF21800A54049 /* SwiftUIPureExample */ = {
			isa = PBXNativeTarget;
			buildConfigurationList = 9669AF0F2AFFF21A00A54049 /* Build configuration list for PBXNativeTarget "SwiftUIPureExample" */;
			buildPhases = (
				9669AEFD2AFFF21800A54049 /* Sources */,
				9669AEFE2AFFF21800A54049 /* Frameworks */,
				9669AEFF2AFFF21800A54049 /* Resources */,
			);
			buildRules = (
			);
			dependencies = (
			);
			name = SwiftUIPureExample;
			productName = SwiftUITest;
			productReference = 9669AF012AFFF21800A54049 /* SwiftUIPureExample.app */;
			productType = "com.apple.product-type.application";
		};
/* End PBXNativeTarget section */

/* Begin PBXProject section */
		9669AEF92AFFF21800A54049 /* Project object */ = {
			isa = PBXProject;
			attributes = {
				BuildIndependentTargetsInParallel = 1;
				LastSwiftUpdateCheck = 1500;
				LastUpgradeCheck = 1500;
				TargetAttributes = {
					9669AF002AFFF21800A54049 = {
						CreatedOnToolsVersion = 15.0;
					};
				};
			};
			buildConfigurationList = 9669AEFC2AFFF21800A54049 /* Build configuration list for PBXProject "SwiftUIPureExample" */;
			compatibilityVersion = "Xcode 14.0";
			developmentRegion = en;
			hasScannedForEncodings = 0;
			knownRegions = (
				en,
				Base,
			);
			mainGroup = 9669AEF82AFFF21800A54049;
			productRefGroup = 9669AF022AFFF21800A54049 /* Products */;
			projectDirPath = "";
			projectRoot = "";
			targets = (
				9669AF002AFFF21800A54049 /* SwiftUIPureExample */,
			);
		};
/* End PBXProject section */

/* Begin PBXResourcesBuildPhase section */
		9669AEFF2AFFF21800A54049 /* Resources */ = {
			isa = PBXResourcesBuildPhase;
			buildActionMask = 2147483647;
			files = (
				9669AF0C2AFFF21A00A54049 /* Preview Assets.xcassets in Resources */,
				9669AF092AFFF21A00A54049 /* Assets.xcassets in Resources */,
			);
			runOnlyForDeploymentPostprocessing = 0;
		};
/* End PBXResourcesBuildPhase section */

/* Begin PBXSourcesBuildPhase section */
		9669AEFD2AFFF21800A54049 /* Sources */ = {
			isa = PBXSourcesBuildPhase;
			buildActionMask = 2147483647;
			files = (
				9669AF292AFFF2CD00A54049 /* App1SecondPage.swift in Sources */,
				9669AF402AFFF4BB00A54049 /* HomePage.swift in Sources */,
				9669AF4A2AFFF6F700A54049 /* HomeBodyComponent.swift in Sources */,
				9669AF232AFFF2B100A54049 /* App1FirstViewModel.swift in Sources */,
				9669AF572B006FD100A54049 /* CounterComponent.swift in Sources */,
				9669AF272AFFF2C500A54049 /* App1FirstPage.swift in Sources */,
				9669AF3A2AFFF3B600A54049 /* App2FirstViewModel.swift in Sources */,
				9669AF252AFFF2BA00A54049 /* App1SecondViewModel.swift in Sources */,
				9669AF482AFFF54800A54049 /* HomeFooterComponent.swift in Sources */,
				9669AF512B0067B400A54049 /* NavigationLazyView.swift in Sources */,
				9669AF2C2AFFF2DF00A54049 /* printIfDebug.swift in Sources */,
				9669AF5A2B00E32100A54049 /* NavigationViewModel.swift in Sources */,
				9669AF4D2AFFF7D300A54049 /* HomeViewModel.swift in Sources */,
				9669AF362AFFF39C00A54049 /* App2FirstPage.swift in Sources */,
				9669AF3C2AFFF3C100A54049 /* App2SecondViewModel.swift in Sources */,
				9669AF052AFFF21800A54049 /* SwiftUITestApp.swift in Sources */,
				9669AF382AFFF3A400A54049 /* App2SecondPage.swift in Sources */,
			);
			runOnlyForDeploymentPostprocessing = 0;
		};
/* End PBXSourcesBuildPhase section */

/* Begin XCBuildConfiguration section */
		9669AF0D2AFFF21A00A54049 /* Debug */ = {
			isa = XCBuildConfiguration;
			buildSettings = {
				ALWAYS_SEARCH_USER_PATHS = NO;
				ASSETCATALOG_COMPILER_GENERATE_SWIFT_ASSET_SYMBOL_EXTENSIONS = YES;
				CLANG_ANALYZER_NONNULL = YES;
				CLANG_ANALYZER_NUMBER_OBJECT_CONVERSION = YES_AGGRESSIVE;
				CLANG_CXX_LANGUAGE_STANDARD = "gnu++20";
				CLANG_ENABLE_MODULES = YES;
				CLANG_ENABLE_OBJC_ARC = YES;
				CLANG_ENABLE_OBJC_WEAK = YES;
				CLANG_WARN_BLOCK_CAPTURE_AUTORELEASING = YES;
				CLANG_WARN_BOOL_CONVERSION = YES;
				CLANG_WARN_COMMA = YES;
				CLANG_WARN_CONSTANT_CONVERSION = YES;
				CLANG_WARN_DEPRECATED_OBJC_IMPLEMENTATIONS = YES;
				CLANG_WARN_DIRECT_OBJC_ISA_USAGE = YES_ERROR;
				CLANG_WARN_DOCUMENTATION_COMMENTS = YES;
				CLANG_WARN_EMPTY_BODY = YES;
				CLANG_WARN_ENUM_CONVERSION = YES;
				CLANG_WARN_INFINITE_RECURSION = YES;
				CLANG_WARN_INT_CONVERSION = YES;
				CLANG_WARN_NON_LITERAL_NULL_CONVERSION = YES;
				CLANG_WARN_OBJC_IMPLICIT_RETAIN_SELF = YES;
				CLANG_WARN_OBJC_LITERAL_CONVERSION = YES;
				CLANG_WARN_OBJC_ROOT_CLASS = YES_ERROR;
				CLANG_WARN_QUOTED_INCLUDE_IN_FRAMEWORK_HEADER = YES;
				CLANG_WARN_RANGE_LOOP_ANALYSIS = YES;
				CLANG_WARN_STRICT_PROTOTYPES = YES;
				CLANG_WARN_SUSPICIOUS_MOVE = YES;
				CLANG_WARN_UNGUARDED_AVAILABILITY = YES_AGGRESSIVE;
				CLANG_WARN_UNREACHABLE_CODE = YES;
				CLANG_WARN__DUPLICATE_METHOD_MATCH = YES;
				COPY_PHASE_STRIP = NO;
				DEBUG_INFORMATION_FORMAT = dwarf;
				ENABLE_STRICT_OBJC_MSGSEND = YES;
				ENABLE_TESTABILITY = YES;
				ENABLE_USER_SCRIPT_SANDBOXING = YES;
				GCC_C_LANGUAGE_STANDARD = gnu17;
				GCC_DYNAMIC_NO_PIC = NO;
				GCC_NO_COMMON_BLOCKS = YES;
				GCC_OPTIMIZATION_LEVEL = 0;
				GCC_PREPROCESSOR_DEFINITIONS = (
					"DEBUG=1",
					"$(inherited)",
				);
				GCC_WARN_64_TO_32_BIT_CONVERSION = YES;
				GCC_WARN_ABOUT_RETURN_TYPE = YES_ERROR;
				GCC_WARN_UNDECLARED_SELECTOR = YES;
				GCC_WARN_UNINITIALIZED_AUTOS = YES_AGGRESSIVE;
				GCC_WARN_UNUSED_FUNCTION = YES;
				GCC_WARN_UNUSED_VARIABLE = YES;
				IPHONEOS_DEPLOYMENT_TARGET = 17.0;
				LOCALIZATION_PREFERS_STRING_CATALOGS = YES;
				MTL_ENABLE_DEBUG_INFO = INCLUDE_SOURCE;
				MTL_FAST_MATH = YES;
				ONLY_ACTIVE_ARCH = YES;
				SDKROOT = iphoneos;
				SWIFT_ACTIVE_COMPILATION_CONDITIONS = "DEBUG $(inherited)";
				SWIFT_OPTIMIZATION_LEVEL = "-Onone";
			};
			name = Debug;
		};
		9669AF0E2AFFF21A00A54049 /* Release */ = {
			isa = XCBuildConfiguration;
			buildSettings = {
				ALWAYS_SEARCH_USER_PATHS = NO;
				ASSETCATALOG_COMPILER_GENERATE_SWIFT_ASSET_SYMBOL_EXTENSIONS = YES;
				CLANG_ANALYZER_NONNULL = YES;
				CLANG_ANALYZER_NUMBER_OBJECT_CONVERSION = YES_AGGRESSIVE;
				CLANG_CXX_LANGUAGE_STANDARD = "gnu++20";
				CLANG_ENABLE_MODULES = YES;
				CLANG_ENABLE_OBJC_ARC = YES;
				CLANG_ENABLE_OBJC_WEAK = YES;
				CLANG_WARN_BLOCK_CAPTURE_AUTORELEASING = YES;
				CLANG_WARN_BOOL_CONVERSION = YES;
				CLANG_WARN_COMMA = YES;
				CLANG_WARN_CONSTANT_CONVERSION = YES;
				CLANG_WARN_DEPRECATED_OBJC_IMPLEMENTATIONS = YES;
				CLANG_WARN_DIRECT_OBJC_ISA_USAGE = YES_ERROR;
				CLANG_WARN_DOCUMENTATION_COMMENTS = YES;
				CLANG_WARN_EMPTY_BODY = YES;
				CLANG_WARN_ENUM_CONVERSION = YES;
				CLANG_WARN_INFINITE_RECURSION = YES;
				CLANG_WARN_INT_CONVERSION = YES;
				CLANG_WARN_NON_LITERAL_NULL_CONVERSION = YES;
				CLANG_WARN_OBJC_IMPLICIT_RETAIN_SELF = YES;
				CLANG_WARN_OBJC_LITERAL_CONVERSION = YES;
				CLANG_WARN_OBJC_ROOT_CLASS = YES_ERROR;
				CLANG_WARN_QUOTED_INCLUDE_IN_FRAMEWORK_HEADER = YES;
				CLANG_WARN_RANGE_LOOP_ANALYSIS = YES;
				CLANG_WARN_STRICT_PROTOTYPES = YES;
				CLANG_WARN_SUSPICIOUS_MOVE = YES;
				CLANG_WARN_UNGUARDED_AVAILABILITY = YES_AGGRESSIVE;
				CLANG_WARN_UNREACHABLE_CODE = YES;
				CLANG_WARN__DUPLICATE_METHOD_MATCH = YES;
				COPY_PHASE_STRIP = NO;
				DEBUG_INFORMATION_FORMAT = "dwarf-with-dsym";
				ENABLE_NS_ASSERTIONS = NO;
				ENABLE_STRICT_OBJC_MSGSEND = YES;
				ENABLE_USER_SCRIPT_SANDBOXING = YES;
				GCC_C_LANGUAGE_STANDARD = gnu17;
				GCC_NO_COMMON_BLOCKS = YES;
				GCC_WARN_64_TO_32_BIT_CONVERSION = YES;
				GCC_WARN_ABOUT_RETURN_TYPE = YES_ERROR;
				GCC_WARN_UNDECLARED_SELECTOR = YES;
				GCC_WARN_UNINITIALIZED_AUTOS = YES_AGGRESSIVE;
				GCC_WARN_UNUSED_FUNCTION = YES;
				GCC_WARN_UNUSED_VARIABLE = YES;
				IPHONEOS_DEPLOYMENT_TARGET = 17.0;
				LOCALIZATION_PREFERS_STRING_CATALOGS = YES;
				MTL_ENABLE_DEBUG_INFO = NO;
				MTL_FAST_MATH = YES;
				SDKROOT = iphoneos;
				SWIFT_COMPILATION_MODE = wholemodule;
				VALIDATE_PRODUCT = YES;
			};
			name = Release;
		};
		9669AF102AFFF21A00A54049 /* Debug */ = {
			isa = XCBuildConfiguration;
			buildSettings = {
				ASSETCATALOG_COMPILER_APPICON_NAME = AppIcon;
				ASSETCATALOG_COMPILER_GLOBAL_ACCENT_COLOR_NAME = AccentColor;
				CODE_SIGN_STYLE = Automatic;
				CURRENT_PROJECT_VERSION = 1;
				DEVELOPMENT_ASSET_PATHS = "\"SwiftUIPureExample/Preview Content\"";
				DEVELOPMENT_TEAM = G85YYYKRLS;
				ENABLE_PREVIEWS = YES;
				GENERATE_INFOPLIST_FILE = YES;
				INFOPLIST_KEY_UIApplicationSceneManifest_Generation = YES;
				INFOPLIST_KEY_UIApplicationSupportsIndirectInputEvents = YES;
				INFOPLIST_KEY_UILaunchScreen_Generation = YES;
				INFOPLIST_KEY_UISupportedInterfaceOrientations_iPad = "UIInterfaceOrientationPortrait UIInterfaceOrientationPortraitUpsideDown UIInterfaceOrientationLandscapeLeft UIInterfaceOrientationLandscapeRight";
				INFOPLIST_KEY_UISupportedInterfaceOrientations_iPhone = "UIInterfaceOrientationPortrait UIInterfaceOrientationLandscapeLeft UIInterfaceOrientationLandscapeRight";
				LD_RUNPATH_SEARCH_PATHS = (
					"$(inherited)",
					"@executable_path/Frameworks",
				);
				MARKETING_VERSION = 1.0;
				PRODUCT_BUNDLE_IDENTIFIER = com.jason.SwiftUIPureExample;
				PRODUCT_NAME = "$(TARGET_NAME)";
				SWIFT_EMIT_LOC_STRINGS = YES;
				SWIFT_VERSION = 5.0;
				TARGETED_DEVICE_FAMILY = "1,2";
			};
			name = Debug;
		};
		9669AF112AFFF21A00A54049 /* Release */ = {
			isa = XCBuildConfiguration;
			buildSettings = {
				ASSETCATALOG_COMPILER_APPICON_NAME = AppIcon;
				ASSETCATALOG_COMPILER_GLOBAL_ACCENT_COLOR_NAME = AccentColor;
				CODE_SIGN_STYLE = Automatic;
				CURRENT_PROJECT_VERSION = 1;
				DEVELOPMENT_ASSET_PATHS = "\"SwiftUIPureExample/Preview Content\"";
				DEVELOPMENT_TEAM = G85YYYKRLS;
				ENABLE_PREVIEWS = YES;
				GENERATE_INFOPLIST_FILE = YES;
				INFOPLIST_KEY_UIApplicationSceneManifest_Generation = YES;
				INFOPLIST_KEY_UIApplicationSupportsIndirectInputEvents = YES;
				INFOPLIST_KEY_UILaunchScreen_Generation = YES;
				INFOPLIST_KEY_UISupportedInterfaceOrientations_iPad = "UIInterfaceOrientationPortrait UIInterfaceOrientationPortraitUpsideDown UIInterfaceOrientationLandscapeLeft UIInterfaceOrientationLandscapeRight";
				INFOPLIST_KEY_UISupportedInterfaceOrientations_iPhone = "UIInterfaceOrientationPortrait UIInterfaceOrientationLandscapeLeft UIInterfaceOrientationLandscapeRight";
				LD_RUNPATH_SEARCH_PATHS = (
					"$(inherited)",
					"@executable_path/Frameworks",
				);
				MARKETING_VERSION = 1.0;
				PRODUCT_BUNDLE_IDENTIFIER = com.jason.SwiftUIPureExample;
				PRODUCT_NAME = "$(TARGET_NAME)";
				SWIFT_EMIT_LOC_STRINGS = YES;
				SWIFT_VERSION = 5.0;
				TARGETED_DEVICE_FAMILY = "1,2";
			};
			name = Release;
		};
/* End XCBuildConfiguration section */

/* Begin XCConfigurationList section */
		9669AEFC2AFFF21800A54049 /* Build configuration list for PBXProject "SwiftUIPureExample" */ = {
			isa = XCConfigurationList;
			buildConfigurations = (
				9669AF0D2AFFF21A00A54049 /* Debug */,
				9669AF0E2AFFF21A00A54049 /* Release */,
			);
			defaultConfigurationIsVisible = 0;
			defaultConfigurationName = Release;
		};
		9669AF0F2AFFF21A00A54049 /* Build configuration list for PBXNativeTarget "SwiftUIPureExample" */ = {
			isa = XCConfigurationList;
			buildConfigurations = (
				9669AF102AFFF21A00A54049 /* Debug */,
				9669AF112AFFF21A00A54049 /* Release */,
			);
			defaultConfigurationIsVisible = 0;
			defaultConfigurationName = Release;
		};
/* End XCConfigurationList section */
	};
	rootObject = 9669AEF92AFFF21800A54049 /* Project object */;
}
